// !$*UTF8*$!
{
	archiveVersion = 1;
	classes = {
	};
	objectVersion = 50;
	objects = {

/* Begin PBXBuildFile section */
		2023EDAF2398A9B000D82505 /* AppDelegate.m in Sources */ = {isa = PBXBuildFile; fileRef = 2023EDAE2398A9B000D82505 /* AppDelegate.m */; };
		2023EDB22398A9B000D82505 /* SceneDelegate.m in Sources */ = {isa = PBXBuildFile; fileRef = 2023EDB12398A9B000D82505 /* SceneDelegate.m */; };
		2023EDB52398A9B000D82505 /* FirstViewController.m in Sources */ = {isa = PBXBuildFile; fileRef = 2023EDB42398A9B000D82505 /* FirstViewController.m */; };
		2023EDB82398A9B000D82505 /* SecondViewController.m in Sources */ = {isa = PBXBuildFile; fileRef = 2023EDB72398A9B000D82505 /* SecondViewController.m */; };
		2023EDBB2398A9B000D82505 /* Main.storyboard in Resources */ = {isa = PBXBuildFile; fileRef = 2023EDB92398A9B000D82505 /* Main.storyboard */; };
		2023EDBD2398A9B200D82505 /* Assets.xcassets in Resources */ = {isa = PBXBuildFile; fileRef = 2023EDBC2398A9B200D82505 /* Assets.xcassets */; };
		2023EDC02398A9B200D82505 /* LaunchScreen.storyboard in Resources */ = {isa = PBXBuildFile; fileRef = 2023EDBE2398A9B200D82505 /* LaunchScreen.storyboard */; };
		2023EDC32398A9B200D82505 /* main.m in Sources */ = {isa = PBXBuildFile; fileRef = 2023EDC22398A9B200D82505 /* main.m */; };
		2023EDCD2398A9B200D82505 /* LKTestAppTests.m in Sources */ = {isa = PBXBuildFile; fileRef = 2023EDCC2398A9B200D82505 /* LKTestAppTests.m */; };
		2023EDD82398A9B300D82505 /* LKTestAppUITests.m in Sources */ = {isa = PBXBuildFile; fileRef = 2023EDD72398A9B300D82505 /* LKTestAppUITests.m */; };
/* End PBXBuildFile section */

/* Begin PBXContainerItemProxy section */
		2023EDC92398A9B200D82505 /* PBXContainerItemProxy */ = {
			isa = PBXContainerItemProxy;
			containerPortal = 2023EDA22398A9B000D82505 /* Project object */;
			proxyType = 1;
			remoteGlobalIDString = 2023EDA92398A9B000D82505;
			remoteInfo = LKTestApp;
		};
		2023EDD42398A9B300D82505 /* PBXContainerItemProxy */ = {
			isa = PBXContainerItemProxy;
			containerPortal = 2023EDA22398A9B000D82505 /* Project object */;
			proxyType = 1;
			remoteGlobalIDString = 2023EDA92398A9B000D82505;
			remoteInfo = LKTestApp;
		};
/* End PBXContainerItemProxy section */

/* Begin PBXFileReference section */
		2023EDAA2398A9B000D82505 /* LKTestApp.app */ = {isa = PBXFileReference; explicitFileType = wrapper.application; includeInIndex = 0; path = LKTestApp.app; sourceTree = BUILT_PRODUCTS_DIR; };
		2023EDAD2398A9B000D82505 /* AppDelegate.h */ = {isa = PBXFileReference; lastKnownFileType = sourcecode.c.h; path = AppDelegate.h; sourceTree = "<group>"; };
		2023EDAE2398A9B000D82505 /* AppDelegate.m */ = {isa = PBXFileReference; lastKnownFileType = sourcecode.c.objc; path = AppDelegate.m; sourceTree = "<group>"; };
		2023EDB02398A9B000D82505 /* SceneDelegate.h */ = {isa = PBXFileReference; lastKnownFileType = sourcecode.c.h; path = SceneDelegate.h; sourceTree = "<group>"; };
		2023EDB12398A9B000D82505 /* SceneDelegate.m */ = {isa = PBXFileReference; lastKnownFileType = sourcecode.c.objc; path = SceneDelegate.m; sourceTree = "<group>"; };
		2023EDB32398A9B000D82505 /* FirstViewController.h */ = {isa = PBXFileReference; lastKnownFileType = sourcecode.c.h; path = FirstViewController.h; sourceTree = "<group>"; };
		2023EDB42398A9B000D82505 /* FirstViewController.m */ = {isa = PBXFileReference; lastKnownFileType = sourcecode.c.objc; path = FirstViewController.m; sourceTree = "<group>"; };
		2023EDB62398A9B000D82505 /* SecondViewController.h */ = {isa = PBXFileReference; lastKnownFileType = sourcecode.c.h; path = SecondViewController.h; sourceTree = "<group>"; };
		2023EDB72398A9B000D82505 /* SecondViewController.m */ = {isa = PBXFileReference; lastKnownFileType = sourcecode.c.objc; path = SecondViewController.m; sourceTree = "<group>"; };
		2023EDBA2398A9B000D82505 /* Base */ = {isa = PBXFileReference; lastKnownFileType = file.storyboard; name = Base; path = Base.lproj/Main.storyboard; sourceTree = "<group>"; };
		2023EDBC2398A9B200D82505 /* Assets.xcassets */ = {isa = PBXFileReference; lastKnownFileType = folder.assetcatalog; path = Assets.xcassets; sourceTree = "<group>"; };
		2023EDBF2398A9B200D82505 /* Base */ = {isa = PBXFileReference; lastKnownFileType = file.storyboard; name = Base; path = Base.lproj/LaunchScreen.storyboard; sourceTree = "<group>"; };
		2023EDC12398A9B200D82505 /* Info.plist */ = {isa = PBXFileReference; lastKnownFileType = text.plist.xml; path = Info.plist; sourceTree = "<group>"; };
		2023EDC22398A9B200D82505 /* main.m */ = {isa = PBXFileReference; lastKnownFileType = sourcecode.c.objc; path = main.m; sourceTree = "<group>"; };
		2023EDC82398A9B200D82505 /* LKTestAppTests.xctest */ = {isa = PBXFileReference; explicitFileType = wrapper.cfbundle; includeInIndex = 0; path = LKTestAppTests.xctest; sourceTree = BUILT_PRODUCTS_DIR; };
		2023EDCC2398A9B200D82505 /* LKTestAppTests.m */ = {isa = PBXFileReference; lastKnownFileType = sourcecode.c.objc; path = LKTestAppTests.m; sourceTree = "<group>"; };
		2023EDCE2398A9B200D82505 /* Info.plist */ = {isa = PBXFileReference; lastKnownFileType = text.plist.xml; path = Info.plist; sourceTree = "<group>"; };
		2023EDD32398A9B200D82505 /* LKTestAppUITests.xctest */ = {isa = PBXFileReference; explicitFileType = wrapper.cfbundle; includeInIndex = 0; path = LKTestAppUITests.xctest; sourceTree = BUILT_PRODUCTS_DIR; };
		2023EDD72398A9B300D82505 /* LKTestAppUITests.m */ = {isa = PBXFileReference; lastKnownFileType = sourcecode.c.objc; path = LKTestAppUITests.m; sourceTree = "<group>"; };
		2023EDD92398A9B300D82505 /* Info.plist */ = {isa = PBXFileReference; lastKnownFileType = text.plist.xml; path = Info.plist; sourceTree = "<group>"; };
/* End PBXFileReference section */

/* Begin PBXFrameworksBuildPhase section */
		2023EDA72398A9B000D82505 /* Frameworks */ = {
			isa = PBXFrameworksBuildPhase;
			buildActionMask = 2147483647;
			files = (
			);
			runOnlyForDeploymentPostprocessing = 0;
		};
		2023EDC52398A9B200D82505 /* Frameworks */ = {
			isa = PBXFrameworksBuildPhase;
			buildActionMask = 2147483647;
			files = (
			);
			runOnlyForDeploymentPostprocessing = 0;
		};
		2023EDD02398A9B200D82505 /* Frameworks */ = {
			isa = PBXFrameworksBuildPhase;
			buildActionMask = 2147483647;
			files = (
			);
			runOnlyForDeploymentPostprocessing = 0;
		};
/* End PBXFrameworksBuildPhase section */

/* Begin PBXGroup section */
		2023EDA12398A9B000D82505 = {
			isa = PBXGroup;
			children = (
				2023EDAC2398A9B000D82505 /* LKTestApp */,
				2023EDCB2398A9B200D82505 /* LKTestAppTests */,
				2023EDD62398A9B300D82505 /* LKTestAppUITests */,
				2023EDAB2398A9B000D82505 /* Products */,
			);
			sourceTree = "<group>";
		};
		2023EDAB2398A9B000D82505 /* Products */ = {
			isa = PBXGroup;
			children = (
				2023EDAA2398A9B000D82505 /* LKTestApp.app */,
				2023EDC82398A9B200D82505 /* LKTestAppTests.xctest */,
				2023EDD32398A9B200D82505 /* LKTestAppUITests.xctest */,
			);
			name = Products;
			sourceTree = "<group>";
		};
		2023EDAC2398A9B000D82505 /* LKTestApp */ = {
			isa = PBXGroup;
			children = (
				2023EDAD2398A9B000D82505 /* AppDelegate.h */,
				2023EDAE2398A9B000D82505 /* AppDelegate.m */,
				2023EDB02398A9B000D82505 /* SceneDelegate.h */,
				2023EDB12398A9B000D82505 /* SceneDelegate.m */,
				2023EDB32398A9B000D82505 /* FirstViewController.h */,
				2023EDB42398A9B000D82505 /* FirstViewController.m */,
				2023EDB62398A9B000D82505 /* SecondViewController.h */,
				2023EDB72398A9B000D82505 /* SecondViewController.m */,
				2023EDB92398A9B000D82505 /* Main.storyboard */,
				2023EDBC2398A9B200D82505 /* Assets.xcassets */,
				2023EDBE2398A9B200D82505 /* LaunchScreen.storyboard */,
				2023EDC12398A9B200D82505 /* Info.plist */,
				2023EDC22398A9B200D82505 /* main.m */,
			);
			path = LKTestApp;
			sourceTree = "<group>";
		};
		2023EDCB2398A9B200D82505 /* LKTestAppTests */ = {
			isa = PBXGroup;
			children = (
				2023EDCC2398A9B200D82505 /* LKTestAppTests.m */,
				2023EDCE2398A9B200D82505 /* Info.plist */,
			);
			path = LKTestAppTests;
			sourceTree = "<group>";
		};
		2023EDD62398A9B300D82505 /* LKTestAppUITests */ = {
			isa = PBXGroup;
			children = (
				2023EDD72398A9B300D82505 /* LKTestAppUITests.m */,
				2023EDD92398A9B300D82505 /* Info.plist */,
			);
			path = LKTestAppUITests;
			sourceTree = "<group>";
		};
/* End PBXGroup section */

/* Begin PBXNativeTarget section */
		2023EDA92398A9B000D82505 /* LKTestApp */ = {
			isa = PBXNativeTarget;
			buildConfigurationList = 2023EDDC2398A9B300D82505 /* Build configuration list for PBXNativeTarget "LKTestApp" */;
			buildPhases = (
				2023EDA62398A9B000D82505 /* Sources */,
				2023EDA72398A9B000D82505 /* Frameworks */,
				2023EDA82398A9B000D82505 /* Resources */,
			);
			buildRules = (
			);
			dependencies = (
			);
			name = LKTestApp;
			productName = LKTestApp;
			productReference = 2023EDAA2398A9B000D82505 /* LKTestApp.app */;
			productType = "com.apple.product-type.application";
		};
		2023EDC72398A9B200D82505 /* LKTestAppTests */ = {
			isa = PBXNativeTarget;
			buildConfigurationList = 2023EDDF2398A9B300D82505 /* Build configuration list for PBXNativeTarget "LKTestAppTests" */;
			buildPhases = (
				2023EDC42398A9B200D82505 /* Sources */,
				2023EDC52398A9B200D82505 /* Frameworks */,
				2023EDC62398A9B200D82505 /* Resources */,
			);
			buildRules = (
			);
			dependencies = (
				2023EDCA2398A9B200D82505 /* PBXTargetDependency */,
			);
			name = LKTestAppTests;
			productName = LKTestAppTests;
			productReference = 2023EDC82398A9B200D82505 /* LKTestAppTests.xctest */;
			productType = "com.apple.product-type.bundle.unit-test";
		};
		2023EDD22398A9B200D82505 /* LKTestAppUITests */ = {
			isa = PBXNativeTarget;
			buildConfigurationList = 2023EDE22398A9B300D82505 /* Build configuration list for PBXNativeTarget "LKTestAppUITests" */;
			buildPhases = (
				2023EDCF2398A9B200D82505 /* Sources */,
				2023EDD02398A9B200D82505 /* Frameworks */,
				2023EDD12398A9B200D82505 /* Resources */,
			);
			buildRules = (
			);
			dependencies = (
				2023EDD52398A9B300D82505 /* PBXTargetDependency */,
			);
			name = LKTestAppUITests;
			productName = LKTestAppUITests;
			productReference = 2023EDD32398A9B200D82505 /* LKTestAppUITests.xctest */;
			productType = "com.apple.product-type.bundle.ui-testing";
		};
/* End PBXNativeTarget section */

/* Begin PBXProject section */
		2023EDA22398A9B000D82505 /* Project object */ = {
			isa = PBXProject;
			attributes = {
				LastUpgradeCheck = 1120;
				ORGANIZATIONNAME = "李可";
				TargetAttributes = {
					2023EDA92398A9B000D82505 = {
						CreatedOnToolsVersion = 11.2.1;
					};
					2023EDC72398A9B200D82505 = {
						CreatedOnToolsVersion = 11.2.1;
						TestTargetID = 2023EDA92398A9B000D82505;
					};
					2023EDD22398A9B200D82505 = {
						CreatedOnToolsVersion = 11.2.1;
						TestTargetID = 2023EDA92398A9B000D82505;
					};
				};
			};
			buildConfigurationList = 2023EDA52398A9B000D82505 /* Build configuration list for PBXProject "LKTestApp" */;
			compatibilityVersion = "Xcode 9.3";
			developmentRegion = en;
			hasScannedForEncodings = 0;
			knownRegions = (
				en,
				Base,
			);
			mainGroup = 2023EDA12398A9B000D82505;
			productRefGroup = 2023EDAB2398A9B000D82505 /* Products */;
			projectDirPath = "";
			projectRoot = "";
			targets = (
				2023EDA92398A9B000D82505 /* LKTestApp */,
				2023EDC72398A9B200D82505 /* LKTestAppTests */,
				2023EDD22398A9B200D82505 /* LKTestAppUITests */,
			);
		};
/* End PBXProject section */

/* Begin PBXResourcesBuildPhase section */
		2023EDA82398A9B000D82505 /* Resources */ = {
			isa = PBXResourcesBuildPhase;
			buildActionMask = 2147483647;
			files = (
				2023EDC02398A9B200D82505 /* LaunchScreen.storyboard in Resources */,
				2023EDBD2398A9B200D82505 /* Assets.xcassets in Resources */,
				2023EDBB2398A9B000D82505 /* Main.storyboard in Resources */,
			);
			runOnlyForDeploymentPostprocessing = 0;
		};
		2023EDC62398A9B200D82505 /* Resources */ = {
			isa = PBXResourcesBuildPhase;
			buildActionMask = 2147483647;
			files = (
			);
			runOnlyForDeploymentPostprocessing = 0;
		};
		2023EDD12398A9B200D82505 /* Resources */ = {
			isa = PBXResourcesBuildPhase;
			buildActionMask = 2147483647;
			files = (
			);
			runOnlyForDeploymentPostprocessing = 0;
		};
/* End PBXResourcesBuildPhase section */

/* Begin PBXSourcesBuildPhase section */
		2023EDA62398A9B000D82505 /* Sources */ = {
			isa = PBXSourcesBuildPhase;
			buildActionMask = 2147483647;
			files = (
				2023EDC32398A9B200D82505 /* main.m in Sources */,
				2023EDB82398A9B000D82505 /* SecondViewController.m in Sources */,
				2023EDAF2398A9B000D82505 /* AppDelegate.m in Sources */,
				2023EDB52398A9B000D82505 /* FirstViewController.m in Sources */,
				2023EDB22398A9B000D82505 /* SceneDelegate.m in Sources */,
			);
			runOnlyForDeploymentPostprocessing = 0;
		};
		2023EDC42398A9B200D82505 /* Sources */ = {
			isa = PBXSourcesBuildPhase;
			buildActionMask = 2147483647;
			files = (
				2023EDCD2398A9B200D82505 /* LKTestAppTests.m in Sources */,
			);
			runOnlyForDeploymentPostprocessing = 0;
		};
		2023EDCF2398A9B200D82505 /* Sources */ = {
			isa = PBXSourcesBuildPhase;
			buildActionMask = 2147483647;
			files = (
				2023EDD82398A9B300D82505 /* LKTestAppUITests.m in Sources */,
			);
			runOnlyForDeploymentPostprocessing = 0;
		};
/* End PBXSourcesBuildPhase section */

/* Begin PBXTargetDependency section */
		2023EDCA2398A9B200D82505 /* PBXTargetDependency */ = {
			isa = PBXTargetDependency;
			target = 2023EDA92398A9B000D82505 /* LKTestApp */;
			targetProxy = 2023EDC92398A9B200D82505 /* PBXContainerItemProxy */;
		};
		2023EDD52398A9B300D82505 /* PBXTargetDependency */ = {
			isa = PBXTargetDependency;
			target = 2023EDA92398A9B000D82505 /* LKTestApp */;
			targetProxy = 2023EDD42398A9B300D82505 /* PBXContainerItemProxy */;
		};
/* End PBXTargetDependency section */

/* Begin PBXVariantGroup section */
		2023EDB92398A9B000D82505 /* Main.storyboard */ = {
			isa = PBXVariantGroup;
			children = (
				2023EDBA2398A9B000D82505 /* Base */,
			);
			name = Main.storyboard;
			sourceTree = "<group>";
		};
		2023EDBE2398A9B200D82505 /* LaunchScreen.storyboard */ = {
			isa = PBXVariantGroup;
			children = (
				2023EDBF2398A9B200D82505 /* Base */,
			);
			name = LaunchScreen.storyboard;
			sourceTree = "<group>";
		};
/* End PBXVariantGroup section */

/* Begin XCBuildConfiguration section */
		2023EDDA2398A9B300D82505 /* Debug */ = {
			isa = XCBuildConfiguration;
			buildSettings = {
				ALWAYS_SEARCH_USER_PATHS = NO;
				CLANG_ANALYZER_NONNULL = YES;
				CLANG_ANALYZER_NUMBER_OBJECT_CONVERSION = YES_AGGRESSIVE;
				CLANG_CXX_LANGUAGE_STANDARD = "gnu++14";
				CLANG_CXX_LIBRARY = "libc++";
				CLANG_ENABLE_MODULES = YES;
				CLANG_ENABLE_OBJC_ARC = YES;
				CLANG_ENABLE_OBJC_WEAK = YES;
				CLANG_WARN_BLOCK_CAPTURE_AUTORELEASING = YES;
				CLANG_WARN_BOOL_CONVERSION = YES;
				CLANG_WARN_COMMA = YES;
				CLANG_WARN_CONSTANT_CONVERSION = YES;
				CLANG_WARN_DEPRECATED_OBJC_IMPLEMENTATIONS = YES;
				CLANG_WARN_DIRECT_OBJC_ISA_USAGE = YES_ERROR;
				CLANG_WARN_DOCUMENTATION_COMMENTS = YES;
				CLANG_WARN_EMPTY_BODY = YES;
				CLANG_WARN_ENUM_CONVERSION = YES;
				CLANG_WARN_INFINITE_RECURSION = YES;
				CLANG_WARN_INT_CONVERSION = YES;
				CLANG_WARN_NON_LITERAL_NULL_CONVERSION = YES;
				CLANG_WARN_OBJC_IMPLICIT_RETAIN_SELF = YES;
				CLANG_WARN_OBJC_LITERAL_CONVERSION = YES;
				CLANG_WARN_OBJC_ROOT_CLASS = YES_ERROR;
				CLANG_WARN_RANGE_LOOP_ANALYSIS = YES;
				CLANG_WARN_STRICT_PROTOTYPES = YES;
				CLANG_WARN_SUSPICIOUS_MOVE = YES;
				CLANG_WARN_UNGUARDED_AVAILABILITY = YES_AGGRESSIVE;
				CLANG_WARN_UNREACHABLE_CODE = YES;
				CLANG_WARN__DUPLICATE_METHOD_MATCH = YES;
				COPY_PHASE_STRIP = NO;
				DEBUG_INFORMATION_FORMAT = dwarf;
				ENABLE_STRICT_OBJC_MSGSEND = YES;
				ENABLE_TESTABILITY = YES;
				GCC_C_LANGUAGE_STANDARD = gnu11;
				GCC_DYNAMIC_NO_PIC = NO;
				GCC_NO_COMMON_BLOCKS = YES;
				GCC_OPTIMIZATION_LEVEL = 0;
				GCC_PREPROCESSOR_DEFINITIONS = (
					"DEBUG=1",
					"$(inherited)",
				);
				GCC_WARN_64_TO_32_BIT_CONVERSION = YES;
				GCC_WARN_ABOUT_RETURN_TYPE = YES_ERROR;
				GCC_WARN_UNDECLARED_SELECTOR = YES;
				GCC_WARN_UNINITIALIZED_AUTOS = YES_AGGRESSIVE;
				GCC_WARN_UNUSED_FUNCTION = YES;
				GCC_WARN_UNUSED_VARIABLE = YES;
				IPHONEOS_DEPLOYMENT_TARGET = 13.2;
				MTL_ENABLE_DEBUG_INFO = INCLUDE_SOURCE;
				MTL_FAST_MATH = YES;
				ONLY_ACTIVE_ARCH = YES;
				SDKROOT = iphoneos;
			};
			name = Debug;
		};
		2023EDDB2398A9B300D82505 /* Release */ = {
			isa = XCBuildConfiguration;
			buildSettings = {
				ALWAYS_SEARCH_USER_PATHS = NO;
				CLANG_ANALYZER_NONNULL = YES;
				CLANG_ANALYZER_NUMBER_OBJECT_CONVERSION = YES_AGGRESSIVE;
				CLANG_CXX_LANGUAGE_STANDARD = "gnu++14";
				CLANG_CXX_LIBRARY = "libc++";
				CLANG_ENABLE_MODULES = YES;
				CLANG_ENABLE_OBJC_ARC = YES;
				CLANG_ENABLE_OBJC_WEAK = YES;
				CLANG_WARN_BLOCK_CAPTURE_AUTORELEASING = YES;
				CLANG_WARN_BOOL_CONVERSION = YES;
				CLANG_WARN_COMMA = YES;
				CLANG_WARN_CONSTANT_CONVERSION = YES;
				CLANG_WARN_DEPRECATED_OBJC_IMPLEMENTATIONS = YES;
				CLANG_WARN_DIRECT_OBJC_ISA_USAGE = YES_ERROR;
				CLANG_WARN_DOCUMENTATION_COMMENTS = YES;
				CLANG_WARN_EMPTY_BODY = YES;
				CLANG_WARN_ENUM_CONVERSION = YES;
				CLANG_WARN_INFINITE_RECURSION = YES;
				CLANG_WARN_INT_CONVERSION = YES;
				CLANG_WARN_NON_LITERAL_NULL_CONVERSION = YES;
				CLANG_WARN_OBJC_IMPLICIT_RETAIN_SELF = YES;
				CLANG_WARN_OBJC_LITERAL_CONVERSION = YES;
				CLANG_WARN_OBJC_ROOT_CLASS = YES_ERROR;
				CLANG_WARN_RANGE_LOOP_ANALYSIS = YES;
				CLANG_WARN_STRICT_PROTOTYPES = YES;
				CLANG_WARN_SUSPICIOUS_MOVE = YES;
				CLANG_WARN_UNGUARDED_AVAILABILITY = YES_AGGRESSIVE;
				CLANG_WARN_UNREACHABLE_CODE = YES;
				CLANG_WARN__DUPLICATE_METHOD_MATCH = YES;
				COPY_PHASE_STRIP = NO;
				DEBUG_INFORMATION_FORMAT = "dwarf-with-dsym";
				ENABLE_NS_ASSERTIONS = NO;
				ENABLE_STRICT_OBJC_MSGSEND = YES;
				GCC_C_LANGUAGE_STANDARD = gnu11;
				GCC_NO_COMMON_BLOCKS = YES;
				GCC_WARN_64_TO_32_BIT_CONVERSION = YES;
				GCC_WARN_ABOUT_RETURN_TYPE = YES_ERROR;
				GCC_WARN_UNDECLARED_SELECTOR = YES;
				GCC_WARN_UNINITIALIZED_AUTOS = YES_AGGRESSIVE;
				GCC_WARN_UNUSED_FUNCTION = YES;
				GCC_WARN_UNUSED_VARIABLE = YES;
				IPHONEOS_DEPLOYMENT_TARGET = 13.2;
				MTL_ENABLE_DEBUG_INFO = NO;
				MTL_FAST_MATH = YES;
				SDKROOT = iphoneos;
				VALIDATE_PRODUCT = YES;
			};
			name = Release;
		};
		2023EDDD2398A9B300D82505 /* Debug */ = {
			isa = XCBuildConfiguration;
			buildSettings = {
				ASSETCATALOG_COMPILER_APPICON_NAME = AppIcon;
				CODE_SIGN_STYLE = Automatic;
				DEVELOPMENT_TEAM = QP2N3N3XF7;
				INFOPLIST_FILE = LKTestApp/Info.plist;
				LD_RUNPATH_SEARCH_PATHS = (
					"$(inherited)",
					"@executable_path/Frameworks",
				);
				PRODUCT_BUNDLE_IDENTIFIER = cn.leeouf.LKTestApp;
				PRODUCT_NAME = "$(TARGET_NAME)";
				TARGETED_DEVICE_FAMILY = "1,2";
			};
			name = Debug;
		};
		2023EDDE2398A9B300D82505 /* Release */ = {
			isa = XCBuildConfiguration;
			buildSettings = {
				ASSETCATALOG_COMPILER_APPICON_NAME = AppIcon;
				CODE_SIGN_STYLE = Automatic;
				DEVELOPMENT_TEAM = QP2N3N3XF7;
				INFOPLIST_FILE = LKTestApp/Info.plist;
				LD_RUNPATH_SEARCH_PATHS = (
					"$(inherited)",
					"@executable_path/Frameworks",
				);
				PRODUCT_BUNDLE_IDENTIFIER = cn.leeouf.LKTestApp;
				PRODUCT_NAME = "$(TARGET_NAME)";
				TARGETED_DEVICE_FAMILY = "1,2";
			};
			name = Release;
		};
		2023EDE02398A9B300D82505 /* Debug */ = {
			isa = XCBuildConfiguration;
			buildSettings = {
				BUNDLE_LOADER = "$(TEST_HOST)";
				CODE_SIGN_STYLE = Automatic;
				DEVELOPMENT_TEAM = QP2N3N3XF7;
				INFOPLIST_FILE = LKTestAppTests/Info.plist;
				IPHONEOS_DEPLOYMENT_TARGET = 13.2;
				LD_RUNPATH_SEARCH_PATHS = (
					"$(inherited)",
					"@executable_path/Frameworks",
					"@loader_path/Frameworks",
				);
				PRODUCT_BUNDLE_IDENTIFIER = cn.leeouf.LKTestAppTests;
				PRODUCT_NAME = "$(TARGET_NAME)";
				TARGETED_DEVICE_FAMILY = "1,2";
				TEST_HOST = "$(BUILT_PRODUCTS_DIR)/LKTestApp.app/LKTestApp";
			};
			name = Debug;
		};
		2023EDE12398A9B300D82505 /* Release */ = {
			isa = XCBuildConfiguration;
			buildSettings = {
				BUNDLE_LOADER = "$(TEST_HOST)";
				CODE_SIGN_STYLE = Automatic;
				DEVELOPMENT_TEAM = QP2N3N3XF7;
				INFOPLIST_FILE = LKTestAppTests/Info.plist;
				IPHONEOS_DEPLOYMENT_TARGET = 13.2;
				LD_RUNPATH_SEARCH_PATHS = (
					"$(inherited)",
					"@executable_path/Frameworks",
					"@loader_path/Frameworks",
				);
				PRODUCT_BUNDLE_IDENTIFIER = cn.leeouf.LKTestAppTests;
				PRODUCT_NAME = "$(TARGET_NAME)";
				TARGETED_DEVICE_FAMILY = "1,2";
				TEST_HOST = "$(BUILT_PRODUCTS_DIR)/LKTestApp.app/LKTestApp";
			};
			name = Release;
		};
		2023EDE32398A9B300D82505 /* Debug */ = {
			isa = XCBuildConfiguration;
			buildSettings = {
				CODE_SIGN_STYLE = Automatic;
				DEVELOPMENT_TEAM = QP2N3N3XF7;
				INFOPLIST_FILE = LKTestAppUITests/Info.plist;
				LD_RUNPATH_SEARCH_PATHS = (
					"$(inherited)",
					"@executable_path/Frameworks",
					"@loader_path/Frameworks",
				);
				PRODUCT_BUNDLE_IDENTIFIER = cn.leeouf.LKTestAppUITests;
				PRODUCT_NAME = "$(TARGET_NAME)";
				TARGETED_DEVICE_FAMILY = "1,2";
				TEST_TARGET_NAME = LKTestApp;
			};
			name = Debug;
		};
		2023EDE42398A9B300D82505 /* Release */ = {
			isa = XCBuildConfiguration;
			buildSettings = {
				CODE_SIGN_STYLE = Automatic;
				DEVELOPMENT_TEAM = QP2N3N3XF7;
				INFOPLIST_FILE = LKTestAppUITests/Info.plist;
				LD_RUNPATH_SEARCH_PATHS = (
					"$(inherited)",
					"@executable_path/Frameworks",
					"@loader_path/Frameworks",
				);
				PRODUCT_BUNDLE_IDENTIFIER = cn.leeouf.LKTestAppUITests;
				PRODUCT_NAME = "$(TARGET_NAME)";
				TARGETED_DEVICE_FAMILY = "1,2";
				TEST_TARGET_NAME = LKTestApp;
			};
			name = Release;
		};
/* End XCBuildConfiguration section */

/* Begin XCConfigurationList section */
		2023EDA52398A9B000D82505 /* Build configuration list for PBXProject "LKTestApp" */ = {
			isa = XCConfigurationList;
			buildConfigurations = (
				2023EDDA2398A9B300D82505 /* Debug */,
				2023EDDB2398A9B300D82505 /* Release */,
			);
			defaultConfigurationIsVisible = 0;
			defaultConfigurationName = Release;
		};
		2023EDDC2398A9B300D82505 /* Build configuration list for PBXNativeTarget "LKTestApp" */ = {
			isa = XCConfigurationList;
			buildConfigurations = (
				2023EDDD2398A9B300D82505 /* Debug */,
				2023EDDE2398A9B300D82505 /* Release */,
			);
			defaultConfigurationIsVisible = 0;
			defaultConfigurationName = Release;
		};
		2023EDDF2398A9B300D82505 /* Build configuration list for PBXNativeTarget "LKTestAppTests" */ = {
			isa = XCConfigurationList;
			buildConfigurations = (
				2023EDE02398A9B300D82505 /* Debug */,
				2023EDE12398A9B300D82505 /* Release */,
			);
			defaultConfigurationIsVisible = 0;
			defaultConfigurationName = Release;
		};
		2023EDE22398A9B300D82505 /* Build configuration list for PBXNativeTarget "LKTestAppUITests" */ = {
			isa = XCConfigurationList;
			buildConfigurations = (
				2023EDE32398A9B300D82505 /* Debug */,
				2023EDE42398A9B300D82505 /* Release */,
			);
			defaultConfigurationIsVisible = 0;
			defaultConfigurationName = Release;
		};
/* End XCConfigurationList section */
	};
	rootObject = 2023EDA22398A9B000D82505 /* Project object */;
}
